
Microsoft Visual Studio Solution File, Format Version 12.00
# Visual Studio 15
VisualStudioVersion = 15.0.27130.2027
MinimumVisualStudioVersion = 10.0.40219.1
Project("{9A19103F-16F7-4668-BE54-9A1E7A4F7556}") = "cyncore", "cyncore\cyncore.csproj", "{5B285B47-832A-4270-B3F2-154AB00A1F25}"
	ProjectSection(ProjectDependencies) = postProject
		{927133D5-6D73-40F3-B665-753E6FC7AAC0} = {927133D5-6D73-40F3-B665-753E6FC7AAC0}
	EndProjectSection
EndProject
Project("{2150E333-8FDC-42A3-9474-1A3956D46DE8}") = "proto", "proto", "{42716685-9B12-4F57-87E4-EA90DBF3B1FB}"
	ProjectSection(SolutionItems) = preProject
		proto\BaseDir.proto = proto\BaseDir.proto
		proto\ComputeHashParams.proto = proto\ComputeHashParams.proto
		proto\EncodingConfig.proto = proto\EncodingConfig.proto
		proto\FileHeader.proto = proto\FileHeader.proto
	EndProjectSection
EndProject
Project("{2150E333-8FDC-42A3-9474-1A3956D46DE8}") = "scripts-windows", "scripts-windows", "{C01F6280-2F4E-46E1-9380-CAAB63F75790}"
	ProjectSection(SolutionItems) = preProject
		scripts-windows\proto.ps1 = scripts-windows\proto.ps1
	EndProjectSection
EndProject
Project("{8BC9CEB8-8B4A-11D0-8D11-00A0C91BC942}") = "encoding", "encoding\encoding.vcxproj", "{927133D5-6D73-40F3-B665-753E6FC7AAC0}"
EndProject
Project("{9A19103F-16F7-4668-BE54-9A1E7A4F7556}") = "unitests", "unitests\unitests.csproj", "{C02E82A4-F973-4902-ADF6-D7879D81551D}"
	ProjectSection(ProjectDependencies) = postProject
		{927133D5-6D73-40F3-B665-753E6FC7AAC0} = {927133D5-6D73-40F3-B665-753E6FC7AAC0}
	EndProjectSection
EndProject
Project("{9A19103F-16F7-4668-BE54-9A1E7A4F7556}") = "cync", "cync\cync.csproj", "{55440A83-A2E6-4AA0-83A5-6CEB4A533442}"
EndProject
Project("{FAE04EC0-301F-11D3-BF4B-00C04F79EFBC}") = "cync-windows", "cync-windows\cync-windows.csproj", "{CFBA5AAF-F05E-4D6B-AEAD-A94D1CBF2D21}"
EndProject
Project("{FAE04EC0-301F-11D3-BF4B-00C04F79EFBC}") = "copytree", "copytree\copytree.csproj", "{A93EC805-F3B1-4C31-B6A8-9D41498AAFFE}"
EndProject
Global
	GlobalSection(SolutionConfigurationPlatforms) = preSolution
		Debug|Any CPU = Debug|Any CPU
		Debug|x64 = Debug|x64
		Debug|x86 = Debug|x86
		Release|Any CPU = Release|Any CPU
		Release|x64 = Release|x64
		Release|x86 = Release|x86
	EndGlobalSection
	GlobalSection(ProjectConfigurationPlatforms) = postSolution
		{5B285B47-832A-4270-B3F2-154AB00A1F25}.Debug|Any CPU.ActiveCfg = Debug|Any CPU
		{5B285B47-832A-4270-B3F2-154AB00A1F25}.Debug|Any CPU.Build.0 = Debug|Any CPU
		{5B285B47-832A-4270-B3F2-154AB00A1F25}.Debug|x64.ActiveCfg = Debug|x64
		{5B285B47-832A-4270-B3F2-154AB00A1F25}.Debug|x64.Build.0 = Debug|x64
		{5B285B47-832A-4270-B3F2-154AB00A1F25}.Debug|x86.ActiveCfg = Debug|Any CPU
		{5B285B47-832A-4270-B3F2-154AB00A1F25}.Debug|x86.Build.0 = Debug|Any CPU
		{5B285B47-832A-4270-B3F2-154AB00A1F25}.Release|Any CPU.ActiveCfg = Release|Any CPU
		{5B285B47-832A-4270-B3F2-154AB00A1F25}.Release|Any CPU.Build.0 = Release|Any CPU
		{5B285B47-832A-4270-B3F2-154AB00A1F25}.Release|x64.ActiveCfg = Release|Any CPU
		{5B285B47-832A-4270-B3F2-154AB00A1F25}.Release|x64.Build.0 = Release|Any CPU
		{5B285B47-832A-4270-B3F2-154AB00A1F25}.Release|x86.ActiveCfg = Release|Any CPU
		{5B285B47-832A-4270-B3F2-154AB00A1F25}.Release|x86.Build.0 = Release|Any CPU
		{927133D5-6D73-40F3-B665-753E6FC7AAC0}.Debug|Any CPU.ActiveCfg = Debug|Win32
		{927133D5-6D73-40F3-B665-753E6FC7AAC0}.Debug|x64.ActiveCfg = Debug|x64
		{927133D5-6D73-40F3-B665-753E6FC7AAC0}.Debug|x64.Build.0 = Debug|x64
		{927133D5-6D73-40F3-B665-753E6FC7AAC0}.Debug|x86.ActiveCfg = Debug|Win32
		{927133D5-6D73-40F3-B665-753E6FC7AAC0}.Debug|x86.Build.0 = Debug|Win32
		{927133D5-6D73-40F3-B665-753E6FC7AAC0}.Release|Any CPU.ActiveCfg = Release|Win32
		{927133D5-6D73-40F3-B665-753E6FC7AAC0}.Release|x64.ActiveCfg = Release|x64
		{927133D5-6D73-40F3-B665-753E6FC7AAC0}.Release|x64.Build.0 = Release|x64
		{927133D5-6D73-40F3-B665-753E6FC7AAC0}.Release|x86.ActiveCfg = Release|Win32
		{927133D5-6D73-40F3-B665-753E6FC7AAC0}.Release|x86.Build.0 = Release|Win32
		{C02E82A4-F973-4902-ADF6-D7879D81551D}.Debug|Any CPU.ActiveCfg = Debug|Any CPU
		{C02E82A4-F973-4902-ADF6-D7879D81551D}.Debug|Any CPU.Build.0 = Debug|Any CPU
		{C02E82A4-F973-4902-ADF6-D7879D81551D}.Debug|x64.ActiveCfg = Debug|x64
		{C02E82A4-F973-4902-ADF6-D7879D81551D}.Debug|x64.Build.0 = Debug|x64
		{C02E82A4-F973-4902-ADF6-D7879D81551D}.Debug|x86.ActiveCfg = Debug|Any CPU
		{C02E82A4-F973-4902-ADF6-D7879D81551D}.Debug|x86.Build.0 = Debug|Any CPU
		{C02E82A4-F973-4902-ADF6-D7879D81551D}.Release|Any CPU.ActiveCfg = Release|Any CPU
		{C02E82A4-F973-4902-ADF6-D7879D81551D}.Release|Any CPU.Build.0 = Release|Any CPU
		{C02E82A4-F973-4902-ADF6-D7879D81551D}.Release|x64.ActiveCfg = Release|Any CPU
		{C02E82A4-F973-4902-ADF6-D7879D81551D}.Release|x64.Build.0 = Release|Any CPU
		{C02E82A4-F973-4902-ADF6-D7879D81551D}.Release|x86.ActiveCfg = Release|Any CPU
		{C02E82A4-F973-4902-ADF6-D7879D81551D}.Release|x86.Build.0 = Release|Any CPU
		{55440A83-A2E6-4AA0-83A5-6CEB4A533442}.Debug|Any CPU.ActiveCfg = Debug|Any CPU
		{55440A83-A2E6-4AA0-83A5-6CEB4A533442}.Debug|Any CPU.Build.0 = Debug|Any CPU
		{55440A83-A2E6-4AA0-83A5-6CEB4A533442}.Debug|x64.ActiveCfg = Debug|x64
		{55440A83-A2E6-4AA0-83A5-6CEB4A533442}.Debug|x64.Build.0 = Debug|x64
		{55440A83-A2E6-4AA0-83A5-6CEB4A533442}.Debug|x86.ActiveCfg = Debug|Any CPU
		{55440A83-A2E6-4AA0-83A5-6CEB4A533442}.Debug|x86.Build.0 = Debug|Any CPU
		{55440A83-A2E6-4AA0-83A5-6CEB4A533442}.Release|Any CPU.ActiveCfg = Release|Any CPU
		{55440A83-A2E6-4AA0-83A5-6CEB4A533442}.Release|Any CPU.Build.0 = Release|Any CPU
		{55440A83-A2E6-4AA0-83A5-6CEB4A533442}.Release|x64.ActiveCfg = Release|Any CPU
		{55440A83-A2E6-4AA0-83A5-6CEB4A533442}.Release|x64.Build.0 = Release|Any CPU
		{55440A83-A2E6-4AA0-83A5-6CEB4A533442}.Release|x86.ActiveCfg = Release|Any CPU
		{55440A83-A2E6-4AA0-83A5-6CEB4A533442}.Release|x86.Build.0 = Release|Any CPU
		{CFBA5AAF-F05E-4D6B-AEAD-A94D1CBF2D21}.Debug|Any CPU.ActiveCfg = Debug|Any CPU
		{CFBA5AAF-F05E-4D6B-AEAD-A94D1CBF2D21}.Debug|Any CPU.Build.0 = Debug|Any CPU
		{CFBA5AAF-F05E-4D6B-AEAD-A94D1CBF2D21}.Debug|x64.ActiveCfg = Debug|x64
		{CFBA5AAF-F05E-4D6B-AEAD-A94D1CBF2D21}.Debug|x64.Build.0 = Debug|x64
		{CFBA5AAF-F05E-4D6B-AEAD-A94D1CBF2D21}.Debug|x86.ActiveCfg = Debug|Any CPU
		{CFBA5AAF-F05E-4D6B-AEAD-A94D1CBF2D21}.Debug|x86.Build.0 = Debug|Any CPU
		{CFBA5AAF-F05E-4D6B-AEAD-A94D1CBF2D21}.Release|Any CPU.ActiveCfg = Release|Any CPU
		{CFBA5AAF-F05E-4D6B-AEAD-A94D1CBF2D21}.Release|Any CPU.Build.0 = Release|Any CPU
		{CFBA5AAF-F05E-4D6B-AEAD-A94D1CBF2D21}.Release|x64.ActiveCfg = Release|Any CPU
		{CFBA5AAF-F05E-4D6B-AEAD-A94D1CBF2D21}.Release|x64.Build.0 = Release|Any CPU
		{CFBA5AAF-F05E-4D6B-AEAD-A94D1CBF2D21}.Release|x86.ActiveCfg = Release|Any CPU
		{CFBA5AAF-F05E-4D6B-AEAD-A94D1CBF2D21}.Release|x86.Build.0 = Release|Any CPU
		{A93EC805-F3B1-4C31-B6A8-9D41498AAFFE}.Debug|Any CPU.ActiveCfg = Debug|Any CPU
		{A93EC805-F3B1-4C31-B6A8-9D41498AAFFE}.Debug|Any CPU.Build.0 = Debug|Any CPU
		{A93EC805-F3B1-4C31-B6A8-9D41498AAFFE}.Debug|x64.ActiveCfg = Debug|Any CPU
		{A93EC805-F3B1-4C31-B6A8-9D41498AAFFE}.Debug|x64.Build.0 = Debug|Any CPU
		{A93EC805-F3B1-4C31-B6A8-9D41498AAFFE}.Debug|x86.ActiveCfg = Debug|Any CPU
		{A93EC805-F3B1-4C31-B6A8-9D41498AAFFE}.Debug|x86.Build.0 = Debug|Any CPU
		{A93EC805-F3B1-4C31-B6A8-9D41498AAFFE}.Release|Any CPU.ActiveCfg = Release|Any CPU
		{A93EC805-F3B1-4C31-B6A8-9D41498AAFFE}.Release|Any CPU.Build.0 = Release|Any CPU
		{A93EC805-F3B1-4C31-B6A8-9D41498AAFFE}.Release|x64.ActiveCfg = Release|Any CPU
		{A93EC805-F3B1-4C31-B6A8-9D41498AAFFE}.Release|x64.Build.0 = Release|Any CPU
		{A93EC805-F3B1-4C31-B6A8-9D41498AAFFE}.Release|x86.ActiveCfg = Release|Any CPU
		{A93EC805-F3B1-4C31-B6A8-9D41498AAFFE}.Release|x86.Build.0 = Release|Any CPU
	EndGlobalSection
	GlobalSection(SolutionProperties) = preSolution
		HideSolutionNode = FALSE
	EndGlobalSection
	GlobalSection(ExtensibilityGlobals) = postSolution
		SolutionGuid = {2E5196A4-D504-4303-A529-CC89127A04BC}
	EndGlobalSection
EndGlobal
